
Microsoft Visual Studio Solution File, Format Version 12.00
# Visual Studio Version 17
VisualStudioVersion = 17.10.34928.147
MinimumVisualStudioVersion = 10.0.40219.1
Project("{FAE04EC0-301F-11D3-BF4B-00C04F79EFBC}") = "TestPDf", "TestPDf\TestPDf.csproj", "{305F42C2-5DC4-402A-B969-3AFD0FF7939D}"
EndProject
Global
	GlobalSection(SolutionConfigurationPlatforms) = preSolution
		Debug|Any CPU = Debug|Any CPU
		Release|Any CPU = Release|Any CPU
	EndGlobalSection
	GlobalSection(ProjectConfigurationPlatforms) = postSolution
		{305F42C2-5DC4-402A-B969-3AFD0FF7939D}.Debug|Any CPU.ActiveCfg = Debug|Any CPU
		{305F42C2-5DC4-402A-B969-3AFD0FF7939D}.Debug|Any CPU.Build.0 = Debug|Any CPU
		{305F42C2-5DC4-402A-B969-3AFD0FF7939D}.Release|Any CPU.ActiveCfg = Release|Any CPU
		{305F42C2-5DC4-402A-B969-3AFD0FF7939D}.Release|Any CPU.Build.0 = Release|Any CPU
	EndGlobalSection
	GlobalSection(SolutionProperties) = preSolution
		HideSolutionNode = FALSE
	EndGlobalSection
	GlobalSection(ExtensibilityGlobals) = postSolution
		SolutionGuid = {B478EBF8-2FBC-4293-9E2C-8469C639A19E}
	EndGlobalSection
EndGlobal
